// !$*UTF8*$!
{
	archiveVersion = 1;
	classes = {
	};
	objectVersion = 46;
	objects = {

/* Begin PBXBuildFile section */
		B7436AEF1DA647D3007995F2 /* main.m in Sources */ = {isa = PBXBuildFile; fileRef = B7436AEE1DA647D3007995F2 /* main.m */; };
		B7436AF21DA647D3007995F2 /* AppDelegate.m in Sources */ = {isa = PBXBuildFile; fileRef = B7436AF11DA647D3007995F2 /* AppDelegate.m */; };
		B7436AF51DA647D3007995F2 /* ViewController.m in Sources */ = {isa = PBXBuildFile; fileRef = B7436AF41DA647D3007995F2 /* ViewController.m */; };
		B7436AF81DA647D3007995F2 /* Main.storyboard in Resources */ = {isa = PBXBuildFile; fileRef = B7436AF61DA647D3007995F2 /* Main.storyboard */; };
		B7436AFB1DA647D3007995F2 /* ____.xcdatamodeld in Sources */ = {isa = PBXBuildFile; fileRef = B7436AF91DA647D3007995F2 /* ____.xcdatamodeld */; };
		B7436AFD1DA647D3007995F2 /* Assets.xcassets in Resources */ = {isa = PBXBuildFile; fileRef = B7436AFC1DA647D3007995F2 /* Assets.xcassets */; };
		B7436B001DA647D3007995F2 /* LaunchScreen.storyboard in Resources */ = {isa = PBXBuildFile; fileRef = B7436AFE1DA647D3007995F2 /* LaunchScreen.storyboard */; };
/* End PBXBuildFile section */

/* Begin PBXFileReference section */
		B7436AEA1DA647D2007995F2 /* 法和控股.app */ = {isa = PBXFileReference; explicitFileType = wrapper.application; includeInIndex = 0; path = "法和控股.app"; sourceTree = BUILT_PRODUCTS_DIR; };
		B7436AEE1DA647D3007995F2 /* main.m */ = {isa = PBXFileReference; lastKnownFileType = sourcecode.c.objc; path = main.m; sourceTree = "<group>"; };
		B7436AF01DA647D3007995F2 /* AppDelegate.h */ = {isa = PBXFileReference; lastKnownFileType = sourcecode.c.h; path = AppDelegate.h; sourceTree = "<group>"; };
		B7436AF11DA647D3007995F2 /* AppDelegate.m */ = {isa = PBXFileReference; lastKnownFileType = sourcecode.c.objc; path = AppDelegate.m; sourceTree = "<group>"; };
		B7436AF31DA647D3007995F2 /* ViewController.h */ = {isa = PBXFileReference; lastKnownFileType = sourcecode.c.h; path = ViewController.h; sourceTree = "<group>"; };
		B7436AF41DA647D3007995F2 /* ViewController.m */ = {isa = PBXFileReference; lastKnownFileType = sourcecode.c.objc; path = ViewController.m; sourceTree = "<group>"; };
		B7436AF71DA647D3007995F2 /* Base */ = {isa = PBXFileReference; lastKnownFileType = file.storyboard; name = Base; path = Base.lproj/Main.storyboard; sourceTree = "<group>"; };
		B7436AFA1DA647D3007995F2 /* ____.xcdatamodel */ = {isa = PBXFileReference; lastKnownFileType = wrapper.xcdatamodel; path = "____.xcdatamodel"; sourceTree = "<group>"; };
		B7436AFC1DA647D3007995F2 /* Assets.xcassets */ = {isa = PBXFileReference; lastKnownFileType = folder.assetcatalog; path = Assets.xcassets; sourceTree = "<group>"; };
		B7436AFF1DA647D3007995F2 /* Base */ = {isa = PBXFileReference; lastKnownFileType = file.storyboard; name = Base; path = Base.lproj/LaunchScreen.storyboard; sourceTree = "<group>"; };
		B7436B011DA647D3007995F2 /* Info.plist */ = {isa = PBXFileReference; lastKnownFileType = text.plist.xml; path = Info.plist; sourceTree = "<group>"; };
/* End PBXFileReference section */

/* Begin PBXFrameworksBuildPhase section */
		B7436AE71DA647D2007995F2 /* Frameworks */ = {
			isa = PBXFrameworksBuildPhase;
			buildActionMask = 2147483647;
			files = (
			);
			runOnlyForDeploymentPostprocessing = 0;
		};
/* End PBXFrameworksBuildPhase section */

/* Begin PBXGroup section */
		B7436AE11DA647D2007995F2 = {
			isa = PBXGroup;
			children = (
				B7436AEC1DA647D2007995F2 /* 法和控股 */,
				B7436AEB1DA647D2007995F2 /* Products */,
			);
			sourceTree = "<group>";
		};
		B7436AEB1DA647D2007995F2 /* Products */ = {
			isa = PBXGroup;
			children = (
				B7436AEA1DA647D2007995F2 /* 法和控股.app */,
			);
			name = Products;
			sourceTree = "<group>";
		};
		B7436AEC1DA647D2007995F2 /* 法和控股 */ = {
			isa = PBXGroup;
			children = (
				B7436AF01DA647D3007995F2 /* AppDelegate.h */,
				B7436AF11DA647D3007995F2 /* AppDelegate.m */,
				B7436AF31DA647D3007995F2 /* ViewController.h */,
				B7436AF41DA647D3007995F2 /* ViewController.m */,
				B7436AF61DA647D3007995F2 /* Main.storyboard */,
				B7436AFC1DA647D3007995F2 /* Assets.xcassets */,
				B7436AFE1DA647D3007995F2 /* LaunchScreen.storyboard */,
				B7436B011DA647D3007995F2 /* Info.plist */,
				B7436AF91DA647D3007995F2 /* ____.xcdatamodeld */,
				B7436AED1DA647D2007995F2 /* Supporting Files */,
			);
			path = "法和控股";
			sourceTree = "<group>";
		};
		B7436AED1DA647D2007995F2 /* Supporting Files */ = {
			isa = PBXGroup;
			children = (
				B7436AEE1DA647D3007995F2 /* main.m */,
			);
			name = "Supporting Files";
			sourceTree = "<group>";
		};
/* End PBXGroup section */

/* Begin PBXNativeTarget section */
		B7436AE91DA647D2007995F2 /* 法和控股 */ = {
			isa = PBXNativeTarget;
			buildConfigurationList = B7436B041DA647D3007995F2 /* Build configuration list for PBXNativeTarget "法和控股" */;
			buildPhases = (
				B7436AE61DA647D2007995F2 /* Sources */,
				B7436AE71DA647D2007995F2 /* Frameworks */,
				B7436AE81DA647D2007995F2 /* Resources */,
			);
			buildRules = (
			);
			dependencies = (
			);
			name = "法和控股";
			productName = "法和控股";
			productReference = B7436AEA1DA647D2007995F2 /* 法和控股.app */;
			productType = "com.apple.product-type.application";
		};
/* End PBXNativeTarget section */

/* Begin PBXProject section */
		B7436AE21DA647D2007995F2 /* Project object */ = {
			isa = PBXProject;
			attributes = {
				LastUpgradeCheck = 0730;
				ORGANIZATIONNAME = "段 昌鹤";
				TargetAttributes = {
					B7436AE91DA647D2007995F2 = {
						CreatedOnToolsVersion = 7.3.1;
						DevelopmentTeam = 3B9779VWJ6;
					};
				};
			};
			buildConfigurationList = B7436AE51DA647D2007995F2 /* Build configuration list for PBXProject "法和控股" */;
			compatibilityVersion = "Xcode 3.2";
			developmentRegion = English;
			hasScannedForEncodings = 0;
			knownRegions = (
				en,
				Base,
			);
			mainGroup = B7436AE11DA647D2007995F2;
			productRefGroup = B7436AEB1DA647D2007995F2 /* Products */;
			projectDirPath = "";
			projectRoot = "";
			targets = (
				B7436AE91DA647D2007995F2 /* 法和控股 */,
			);
		};
/* End PBXProject section */

/* Begin PBXResourcesBuildPhase section */
		B7436AE81DA647D2007995F2 /* Resources */ = {
			isa = PBXResourcesBuildPhase;
			buildActionMask = 2147483647;
			files = (
				B7436B001DA647D3007995F2 /* LaunchScreen.storyboard in Resources */,
				B7436AFD1DA647D3007995F2 /* Assets.xcassets in Resources */,
				B7436AF81DA647D3007995F2 /* Main.storyboard in Resources */,
			);
			runOnlyForDeploymentPostprocessing = 0;
		};
/* End PBXResourcesBuildPhase section */

/* Begin PBXSourcesBuildPhase section */
		B7436AE61DA647D2007995F2 /* Sources */ = {
			isa = PBXSourcesBuildPhase;
			buildActionMask = 2147483647;
			files = (
				B7436AF51DA647D3007995F2 /* ViewController.m in Sources */,
				B7436AFB1DA647D3007995F2 /* ____.xcdatamodeld in Sources */,
				B7436AF21DA647D3007995F2 /* AppDelegate.m in Sources */,
				B7436AEF1DA647D3007995F2 /* main.m in Sources */,
			);
			runOnlyForDeploymentPostprocessing = 0;
		};
/* End PBXSourcesBuildPhase section */

/* Begin PBXVariantGroup section */
		B7436AF61DA647D3007995F2 /* Main.storyboard */ = {
			isa = PBXVariantGroup;
			children = (
				B7436AF71DA647D3007995F2 /* Base */,
			);
			name = Main.storyboard;
			sourceTree = "<group>";
		};
		B7436AFE1DA647D3007995F2 /* LaunchScreen.storyboard */ = {
			isa = PBXVariantGroup;
			children = (
				B7436AFF1DA647D3007995F2 /* Base */,
			);
			name = LaunchScreen.storyboard;
			sourceTree = "<group>";
		};
/* End PBXVariantGroup section */

/* Begin XCBuildConfiguration section */
		B7436B021DA647D3007995F2 /* Debug */ = {
			isa = XCBuildConfiguration;
			buildSettings = {
				ALWAYS_SEARCH_USER_PATHS = NO;
				CLANG_ANALYZER_NONNULL = YES;
				CLANG_CXX_LANGUAGE_STANDARD = "gnu++0x";
				CLANG_CXX_LIBRARY = "libc++";
				CLANG_ENABLE_MODULES = YES;
				CLANG_ENABLE_OBJC_ARC = YES;
				CLANG_WARN_BOOL_CONVERSION = YES;
				CLANG_WARN_CONSTANT_CONVERSION = YES;
				CLANG_WARN_DIRECT_OBJC_ISA_USAGE = YES_ERROR;
				CLANG_WARN_EMPTY_BODY = YES;
				CLANG_WARN_ENUM_CONVERSION = YES;
				CLANG_WARN_INT_CONVERSION = YES;
				CLANG_WARN_OBJC_ROOT_CLASS = YES_ERROR;
				CLANG_WARN_UNREACHABLE_CODE = YES;
				CLANG_WARN__DUPLICATE_METHOD_MATCH = YES;
				"CODE_SIGN_IDENTITY[sdk=iphoneos*]" = "iPhone Developer";
				COPY_PHASE_STRIP = NO;
				DEBUG_INFORMATION_FORMAT = dwarf;
				ENABLE_STRICT_OBJC_MSGSEND = YES;
				ENABLE_TESTABILITY = YES;
				GCC_C_LANGUAGE_STANDARD = gnu99;
				GCC_DYNAMIC_NO_PIC = NO;
				GCC_NO_COMMON_BLOCKS = YES;
				GCC_OPTIMIZATION_LEVEL = 0;
				GCC_PREPROCESSOR_DEFINITIONS = (
					"DEBUG=1",
					"$(inherited)",
				);
				GCC_WARN_64_TO_32_BIT_CONVERSION = YES;
				GCC_WARN_ABOUT_RETURN_TYPE = YES_ERROR;
				GCC_WARN_UNDECLARED_SELECTOR = YES;
				GCC_WARN_UNINITIALIZED_AUTOS = YES_AGGRESSIVE;
				GCC_WARN_UNUSED_FUNCTION = YES;
				GCC_WARN_UNUSED_VARIABLE = YES;
				IPHONEOS_DEPLOYMENT_TARGET = 9.3;
				MTL_ENABLE_DEBUG_INFO = YES;
				ONLY_ACTIVE_ARCH = YES;
				SDKROOT = iphoneos;
				TARGETED_DEVICE_FAMILY = "1,2";
			};
			name = Debug;
		};
		B7436B031DA647D3007995F2 /* Release */ = {
			isa = XCBuildConfiguration;
			buildSettings = {
				ALWAYS_SEARCH_USER_PATHS = NO;
				CLANG_ANALYZER_NONNULL = YES;
				CLANG_CXX_LANGUAGE_STANDARD = "gnu++0x";
				CLANG_CXX_LIBRARY = "libc++";
				CLANG_ENABLE_MODULES = YES;
				CLANG_ENABLE_OBJC_ARC = YES;
				CLANG_WARN_BOOL_CONVERSION = YES;
				CLANG_WARN_CONSTANT_CONVERSION = YES;
				CLANG_WARN_DIRECT_OBJC_ISA_USAGE = YES_ERROR;
				CLANG_WARN_EMPTY_BODY = YES;
				CLANG_WARN_ENUM_CONVERSION = YES;
				CLANG_WARN_INT_CONVERSION = YES;
				CLANG_WARN_OBJC_ROOT_CLASS = YES_ERROR;
				CLANG_WARN_UNREACHABLE_CODE = YES;
				CLANG_WARN__DUPLICATE_METHOD_MATCH = YES;
				"CODE_SIGN_IDENTITY[sdk=iphoneos*]" = "iPhone Developer";
				COPY_PHASE_STRIP = NO;
				DEBUG_INFORMATION_FORMAT = "dwarf-with-dsym";
				ENABLE_NS_ASSERTIONS = NO;
				ENABLE_STRICT_OBJC_MSGSEND = YES;
				GCC_C_LANGUAGE_STANDARD = gnu99;
				GCC_NO_COMMON_BLOCKS = YES;
				GCC_WARN_64_TO_32_BIT_CONVERSION = YES;
				GCC_WARN_ABOUT_RETURN_TYPE = YES_ERROR;
				GCC_WARN_UNDECLARED_SELECTOR = YES;
				GCC_WARN_UNINITIALIZED_AUTOS = YES_AGGRESSIVE;
				GCC_WARN_UNUSED_FUNCTION = YES;
				GCC_WARN_UNUSED_VARIABLE = YES;
				IPHONEOS_DEPLOYMENT_TARGET = 9.3;
				MTL_ENABLE_DEBUG_INFO = NO;
				SDKROOT = iphoneos;
				TARGETED_DEVICE_FAMILY = "1,2";
				VALIDATE_PRODUCT = YES;
			};
			name = Release;
		};
		B7436B051DA647D3007995F2 /* Debug */ = {
			isa = XCBuildConfiguration;
			buildSettings = {
				ASSETCATALOG_COMPILER_APPICON_NAME = AppIcon;
				INFOPLIST_FILE = "法和控股/Info.plist";
				LD_RUNPATH_SEARCH_PATHS = "$(inherited) @executable_path/Frameworks";
				PRODUCT_BUNDLE_IDENTIFIER = "com.592110272.qq.----";
				PRODUCT_NAME = "$(TARGET_NAME)";
			};
			name = Debug;
		};
		B7436B061DA647D3007995F2 /* Release */ = {
			isa = XCBuildConfiguration;
			buildSettings = {
				ASSETCATALOG_COMPILER_APPICON_NAME = AppIcon;
				INFOPLIST_FILE = "法和控股/Info.plist";
				LD_RUNPATH_SEARCH_PATHS = "$(inherited) @executable_path/Frameworks";
				PRODUCT_BUNDLE_IDENTIFIER = "com.592110272.qq.----";
				PRODUCT_NAME = "$(TARGET_NAME)";
			};
			name = Release;
		};
/* End XCBuildConfiguration section */

/* Begin XCConfigurationList section */
		B7436AE51DA647D2007995F2 /* Build configuration list for PBXProject "法和控股" */ = {
			isa = XCConfigurationList;
			buildConfigurations = (
				B7436B021DA647D3007995F2 /* Debug */,
				B7436B031DA647D3007995F2 /* Release */,
			);
			defaultConfigurationIsVisible = 0;
			defaultConfigurationName = Release;
		};
		B7436B041DA647D3007995F2 /* Build configuration list for PBXNativeTarget "法和控股" */ = {
			isa = XCConfigurationList;
			buildConfigurations = (
				B7436B051DA647D3007995F2 /* Debug */,
				B7436B061DA647D3007995F2 /* Release */,
			);
			defaultConfigurationIsVisible = 0;
		};
/* End XCConfigurationList section */

/* Begin XCVersionGroup section */
		B7436AF91DA647D3007995F2 /* ____.xcdatamodeld */ = {
			isa = XCVersionGroup;
			children = (
				B7436AFA1DA647D3007995F2 /* ____.xcdatamodel */,
			);
			currentVersion = B7436AFA1DA647D3007995F2 /* ____.xcdatamodel */;
			path = "____.xcdatamodeld";
			sourceTree = "<group>";
			versionGroupType = wrapper.xcdatamodel;
		};
/* End XCVersionGroup section */
	};
	rootObject = B7436AE21DA647D2007995F2 /* Project object */;
}
